// !$*UTF8*$!
{
	archiveVersion = 1;
	classes = {
	};
	objectVersion = 48;
	objects = {

/* Begin PBXBuildFile section */
		9550792D2089B6F9009FBC99 /* AppDelegate.swift in Sources */ = {isa = PBXBuildFile; fileRef = 9550792C2089B6F9009FBC99 /* AppDelegate.swift */; };
		9550792F2089B6F9009FBC99 /* ViewController.swift in Sources */ = {isa = PBXBuildFile; fileRef = 9550792E2089B6F9009FBC99 /* ViewController.swift */; };
		955079322089B6F9009FBC99 /* Main.storyboard in Resources */ = {isa = PBXBuildFile; fileRef = 955079302089B6F9009FBC99 /* Main.storyboard */; };
		955079342089B6F9009FBC99 /* Assets.xcassets in Resources */ = {isa = PBXBuildFile; fileRef = 955079332089B6F9009FBC99 /* Assets.xcassets */; };
		955079372089B6F9009FBC99 /* LaunchScreen.storyboard in Resources */ = {isa = PBXBuildFile; fileRef = 955079352089B6F9009FBC99 /* LaunchScreen.storyboard */; };
		955079422089B6F9009FBC99 /* timerTests.swift in Sources */ = {isa = PBXBuildFile; fileRef = 955079412089B6F9009FBC99 /* timerTests.swift */; };
		9550794D2089B6F9009FBC99 /* timerUITests.swift in Sources */ = {isa = PBXBuildFile; fileRef = 9550794C2089B6F9009FBC99 /* timerUITests.swift */; };
/* End PBXBuildFile section */

/* Begin PBXContainerItemProxy section */
		9550793E2089B6F9009FBC99 /* PBXContainerItemProxy */ = {
			isa = PBXContainerItemProxy;
			containerPortal = 955079212089B6F9009FBC99 /* Project object */;
			proxyType = 1;
			remoteGlobalIDString = 955079282089B6F9009FBC99;
			remoteInfo = timer;
		};
		955079492089B6F9009FBC99 /* PBXContainerItemProxy */ = {
			isa = PBXContainerItemProxy;
			containerPortal = 955079212089B6F9009FBC99 /* Project object */;
			proxyType = 1;
			remoteGlobalIDString = 955079282089B6F9009FBC99;
			remoteInfo = timer;
		};
/* End PBXContainerItemProxy section */

/* Begin PBXFileReference section */
		955079292089B6F9009FBC99 /* timer.app */ = {isa = PBXFileReference; explicitFileType = wrapper.application; includeInIndex = 0; path = timer.app; sourceTree = BUILT_PRODUCTS_DIR; };
		9550792C2089B6F9009FBC99 /* AppDelegate.swift */ = {isa = PBXFileReference; lastKnownFileType = sourcecode.swift; path = AppDelegate.swift; sourceTree = "<group>"; };
		9550792E2089B6F9009FBC99 /* ViewController.swift */ = {isa = PBXFileReference; lastKnownFileType = sourcecode.swift; path = ViewController.swift; sourceTree = "<group>"; };
		955079312089B6F9009FBC99 /* Base */ = {isa = PBXFileReference; lastKnownFileType = file.storyboard; name = Base; path = Base.lproj/Main.storyboard; sourceTree = "<group>"; };
		955079332089B6F9009FBC99 /* Assets.xcassets */ = {isa = PBXFileReference; lastKnownFileType = folder.assetcatalog; path = Assets.xcassets; sourceTree = "<group>"; };
		955079362089B6F9009FBC99 /* Base */ = {isa = PBXFileReference; lastKnownFileType = file.storyboard; name = Base; path = Base.lproj/LaunchScreen.storyboard; sourceTree = "<group>"; };
		955079382089B6F9009FBC99 /* Info.plist */ = {isa = PBXFileReference; lastKnownFileType = text.plist.xml; path = Info.plist; sourceTree = "<group>"; };
		9550793D2089B6F9009FBC99 /* timerTests.xctest */ = {isa = PBXFileReference; explicitFileType = wrapper.cfbundle; includeInIndex = 0; path = timerTests.xctest; sourceTree = BUILT_PRODUCTS_DIR; };
		955079412089B6F9009FBC99 /* timerTests.swift */ = {isa = PBXFileReference; lastKnownFileType = sourcecode.swift; path = timerTests.swift; sourceTree = "<group>"; };
		955079432089B6F9009FBC99 /* Info.plist */ = {isa = PBXFileReference; lastKnownFileType = text.plist.xml; path = Info.plist; sourceTree = "<group>"; };
		955079482089B6F9009FBC99 /* timerUITests.xctest */ = {isa = PBXFileReference; explicitFileType = wrapper.cfbundle; includeInIndex = 0; path = timerUITests.xctest; sourceTree = BUILT_PRODUCTS_DIR; };
		9550794C2089B6F9009FBC99 /* timerUITests.swift */ = {isa = PBXFileReference; lastKnownFileType = sourcecode.swift; path = timerUITests.swift; sourceTree = "<group>"; };
		9550794E2089B6F9009FBC99 /* Info.plist */ = {isa = PBXFileReference; lastKnownFileType = text.plist.xml; path = Info.plist; sourceTree = "<group>"; };
/* End PBXFileReference section */

/* Begin PBXFrameworksBuildPhase section */
		955079262089B6F9009FBC99 /* Frameworks */ = {
			isa = PBXFrameworksBuildPhase;
			buildActionMask = 2147483647;
			files = (
			);
			runOnlyForDeploymentPostprocessing = 0;
		};
		9550793A2089B6F9009FBC99 /* Frameworks */ = {
			isa = PBXFrameworksBuildPhase;
			buildActionMask = 2147483647;
			files = (
			);
			runOnlyForDeploymentPostprocessing = 0;
		};
		955079452089B6F9009FBC99 /* Frameworks */ = {
			isa = PBXFrameworksBuildPhase;
			buildActionMask = 2147483647;
			files = (
			);
			runOnlyForDeploymentPostprocessing = 0;
		};
/* End PBXFrameworksBuildPhase section */

/* Begin PBXGroup section */
		955079202089B6F9009FBC99 = {
			isa = PBXGroup;
			children = (
				9550792B2089B6F9009FBC99 /* timer */,
				955079402089B6F9009FBC99 /* timerTests */,
				9550794B2089B6F9009FBC99 /* timerUITests */,
				9550792A2089B6F9009FBC99 /* Products */,
			);
			sourceTree = "<group>";
		};
		9550792A2089B6F9009FBC99 /* Products */ = {
			isa = PBXGroup;
			children = (
				955079292089B6F9009FBC99 /* timer.app */,
				9550793D2089B6F9009FBC99 /* timerTests.xctest */,
				955079482089B6F9009FBC99 /* timerUITests.xctest */,
			);
			name = Products;
			sourceTree = "<group>";
		};
		9550792B2089B6F9009FBC99 /* timer */ = {
			isa = PBXGroup;
			children = (
				9550792C2089B6F9009FBC99 /* AppDelegate.swift */,
				9550792E2089B6F9009FBC99 /* ViewController.swift */,
				955079302089B6F9009FBC99 /* Main.storyboard */,
				955079332089B6F9009FBC99 /* Assets.xcassets */,
				955079352089B6F9009FBC99 /* LaunchScreen.storyboard */,
				955079382089B6F9009FBC99 /* Info.plist */,
			);
			path = timer;
			sourceTree = "<group>";
		};
		955079402089B6F9009FBC99 /* timerTests */ = {
			isa = PBXGroup;
			children = (
				955079412089B6F9009FBC99 /* timerTests.swift */,
				955079432089B6F9009FBC99 /* Info.plist */,
			);
			path = timerTests;
			sourceTree = "<group>";
		};
		9550794B2089B6F9009FBC99 /* timerUITests */ = {
			isa = PBXGroup;
			children = (
				9550794C2089B6F9009FBC99 /* timerUITests.swift */,
				9550794E2089B6F9009FBC99 /* Info.plist */,
			);
			path = timerUITests;
			sourceTree = "<group>";
		};
/* End PBXGroup section */

/* Begin PBXNativeTarget section */
		955079282089B6F9009FBC99 /* timer */ = {
			isa = PBXNativeTarget;
			buildConfigurationList = 955079512089B6F9009FBC99 /* Build configuration list for PBXNativeTarget "timer" */;
			buildPhases = (
				955079252089B6F9009FBC99 /* Sources */,
				955079262089B6F9009FBC99 /* Frameworks */,
				955079272089B6F9009FBC99 /* Resources */,
			);
			buildRules = (
			);
			dependencies = (
			);
			name = timer;
			productName = timer;
			productReference = 955079292089B6F9009FBC99 /* timer.app */;
			productType = "com.apple.product-type.application";
		};
		9550793C2089B6F9009FBC99 /* timerTests */ = {
			isa = PBXNativeTarget;
			buildConfigurationList = 955079542089B6F9009FBC99 /* Build configuration list for PBXNativeTarget "timerTests" */;
			buildPhases = (
				955079392089B6F9009FBC99 /* Sources */,
				9550793A2089B6F9009FBC99 /* Frameworks */,
				9550793B2089B6F9009FBC99 /* Resources */,
			);
			buildRules = (
			);
			dependencies = (
				9550793F2089B6F9009FBC99 /* PBXTargetDependency */,
			);
			name = timerTests;
			productName = timerTests;
			productReference = 9550793D2089B6F9009FBC99 /* timerTests.xctest */;
			productType = "com.apple.product-type.bundle.unit-test";
		};
		955079472089B6F9009FBC99 /* timerUITests */ = {
			isa = PBXNativeTarget;
			buildConfigurationList = 955079572089B6F9009FBC99 /* Build configuration list for PBXNativeTarget "timerUITests" */;
			buildPhases = (
				955079442089B6F9009FBC99 /* Sources */,
				955079452089B6F9009FBC99 /* Frameworks */,
				955079462089B6F9009FBC99 /* Resources */,
			);
			buildRules = (
			);
			dependencies = (
				9550794A2089B6F9009FBC99 /* PBXTargetDependency */,
			);
			name = timerUITests;
			productName = timerUITests;
			productReference = 955079482089B6F9009FBC99 /* timerUITests.xctest */;
			productType = "com.apple.product-type.bundle.ui-testing";
		};
/* End PBXNativeTarget section */

/* Begin PBXProject section */
		955079212089B6F9009FBC99 /* Project object */ = {
			isa = PBXProject;
			attributes = {
				LastSwiftUpdateCheck = 0920;
				LastUpgradeCheck = 0920;
				ORGANIZATIONNAME = nishimoto_noboru;
				TargetAttributes = {
					955079282089B6F9009FBC99 = {
						CreatedOnToolsVersion = 9.2;
						ProvisioningStyle = Automatic;
					};
					9550793C2089B6F9009FBC99 = {
						CreatedOnToolsVersion = 9.2;
						ProvisioningStyle = Automatic;
						TestTargetID = 955079282089B6F9009FBC99;
					};
					955079472089B6F9009FBC99 = {
						CreatedOnToolsVersion = 9.2;
						ProvisioningStyle = Automatic;
						TestTargetID = 955079282089B6F9009FBC99;
					};
				};
			};
			buildConfigurationList = 955079242089B6F9009FBC99 /* Build configuration list for PBXProject "timer" */;
			compatibilityVersion = "Xcode 8.0";
			developmentRegion = en;
			hasScannedForEncodings = 0;
			knownRegions = (
				en,
				Base,
			);
			mainGroup = 955079202089B6F9009FBC99;
			productRefGroup = 9550792A2089B6F9009FBC99 /* Products */;
			projectDirPath = "";
			projectRoot = "";
			targets = (
				955079282089B6F9009FBC99 /* timer */,
				9550793C2089B6F9009FBC99 /* timerTests */,
				955079472089B6F9009FBC99 /* timerUITests */,
			);
		};
/* End PBXProject section */

/* Begin PBXResourcesBuildPhase section */
		955079272089B6F9009FBC99 /* Resources */ = {
			isa = PBXResourcesBuildPhase;
			buildActionMask = 2147483647;
			files = (
				955079372089B6F9009FBC99 /* LaunchScreen.storyboard in Resources */,
				955079342089B6F9009FBC99 /* Assets.xcassets in Resources */,
				955079322089B6F9009FBC99 /* Main.storyboard in Resources */,
			);
			runOnlyForDeploymentPostprocessing = 0;
		};
		9550793B2089B6F9009FBC99 /* Resources */ = {
			isa = PBXResourcesBuildPhase;
			buildActionMask = 2147483647;
			files = (
			);
			runOnlyForDeploymentPostprocessing = 0;
		};
		955079462089B6F9009FBC99 /* Resources */ = {
			isa = PBXResourcesBuildPhase;
			buildActionMask = 2147483647;
			files = (
			);
			runOnlyForDeploymentPostprocessing = 0;
		};
/* End PBXResourcesBuildPhase section */

/* Begin PBXSourcesBuildPhase section */
		955079252089B6F9009FBC99 /* Sources */ = {
			isa = PBXSourcesBuildPhase;
			buildActionMask = 2147483647;
			files = (
				9550792F2089B6F9009FBC99 /* ViewController.swift in Sources */,
				9550792D2089B6F9009FBC99 /* AppDelegate.swift in Sources */,
			);
			runOnlyForDeploymentPostprocessing = 0;
		};
		955079392089B6F9009FBC99 /* Sources */ = {
			isa = PBXSourcesBuildPhase;
			buildActionMask = 2147483647;
			files = (
				955079422089B6F9009FBC99 /* timerTests.swift in Sources */,
			);
			runOnlyForDeploymentPostprocessing = 0;
		};
		955079442089B6F9009FBC99 /* Sources */ = {
			isa = PBXSourcesBuildPhase;
			buildActionMask = 2147483647;
			files = (
				9550794D2089B6F9009FBC99 /* timerUITests.swift in Sources */,
			);
			runOnlyForDeploymentPostprocessing = 0;
		};
/* End PBXSourcesBuildPhase section */

/* Begin PBXTargetDependency section */
		9550793F2089B6F9009FBC99 /* PBXTargetDependency */ = {
			isa = PBXTargetDependency;
			target = 955079282089B6F9009FBC99 /* timer */;
			targetProxy = 9550793E2089B6F9009FBC99 /* PBXContainerItemProxy */;
		};
		9550794A2089B6F9009FBC99 /* PBXTargetDependency */ = {
			isa = PBXTargetDependency;
			target = 955079282089B6F9009FBC99 /* timer */;
			targetProxy = 955079492089B6F9009FBC99 /* PBXContainerItemProxy */;
		};
/* End PBXTargetDependency section */

/* Begin PBXVariantGroup section */
		955079302089B6F9009FBC99 /* Main.storyboard */ = {
			isa = PBXVariantGroup;
			children = (
				955079312089B6F9009FBC99 /* Base */,
			);
			name = Main.storyboard;
			sourceTree = "<group>";
		};
		955079352089B6F9009FBC99 /* LaunchScreen.storyboard */ = {
			isa = PBXVariantGroup;
			children = (
				955079362089B6F9009FBC99 /* Base */,
			);
			name = LaunchScreen.storyboard;
			sourceTree = "<group>";
		};
/* End PBXVariantGroup section */

/* Begin XCBuildConfiguration section */
		9550794F2089B6F9009FBC99 /* Debug */ = {
			isa = XCBuildConfiguration;
			buildSettings = {
				ALWAYS_SEARCH_USER_PATHS = NO;
				CLANG_ANALYZER_NONNULL = YES;
				CLANG_ANALYZER_NUMBER_OBJECT_CONVERSION = YES_AGGRESSIVE;
				CLANG_CXX_LANGUAGE_STANDARD = "gnu++14";
				CLANG_CXX_LIBRARY = "libc++";
				CLANG_ENABLE_MODULES = YES;
				CLANG_ENABLE_OBJC_ARC = YES;
				CLANG_WARN_BLOCK_CAPTURE_AUTORELEASING = YES;
				CLANG_WARN_BOOL_CONVERSION = YES;
				CLANG_WARN_COMMA = YES;
				CLANG_WARN_CONSTANT_CONVERSION = YES;
				CLANG_WARN_DIRECT_OBJC_ISA_USAGE = YES_ERROR;
				CLANG_WARN_DOCUMENTATION_COMMENTS = YES;
				CLANG_WARN_EMPTY_BODY = YES;
				CLANG_WARN_ENUM_CONVERSION = YES;
				CLANG_WARN_INFINITE_RECURSION = YES;
				CLANG_WARN_INT_CONVERSION = YES;
				CLANG_WARN_NON_LITERAL_NULL_CONVERSION = YES;
				CLANG_WARN_OBJC_LITERAL_CONVERSION = YES;
				CLANG_WARN_OBJC_ROOT_CLASS = YES_ERROR;
				CLANG_WARN_RANGE_LOOP_ANALYSIS = YES;
				CLANG_WARN_STRICT_PROTOTYPES = YES;
				CLANG_WARN_SUSPICIOUS_MOVE = YES;
				CLANG_WARN_UNGUARDED_AVAILABILITY = YES_AGGRESSIVE;
				CLANG_WARN_UNREACHABLE_CODE = YES;
				CLANG_WARN__DUPLICATE_METHOD_MATCH = YES;
				CODE_SIGN_IDENTITY = "iPhone Developer";
				COPY_PHASE_STRIP = NO;
				DEBUG_INFORMATION_FORMAT = dwarf;
				ENABLE_STRICT_OBJC_MSGSEND = YES;
				ENABLE_TESTABILITY = YES;
				GCC_C_LANGUAGE_STANDARD = gnu11;
				GCC_DYNAMIC_NO_PIC = NO;
				GCC_NO_COMMON_BLOCKS = YES;
				GCC_OPTIMIZATION_LEVEL = 0;
				GCC_PREPROCESSOR_DEFINITIONS = (
					"DEBUG=1",
					"$(inherited)",
				);
				GCC_WARN_64_TO_32_BIT_CONVERSION = YES;
				GCC_WARN_ABOUT_RETURN_TYPE = YES_ERROR;
				GCC_WARN_UNDECLARED_SELECTOR = YES;
				GCC_WARN_UNINITIALIZED_AUTOS = YES_AGGRESSIVE;
				GCC_WARN_UNUSED_FUNCTION = YES;
				GCC_WARN_UNUSED_VARIABLE = YES;
				IPHONEOS_DEPLOYMENT_TARGET = 11.2;
				MTL_ENABLE_DEBUG_INFO = YES;
				ONLY_ACTIVE_ARCH = YES;
				SDKROOT = iphoneos;
				SWIFT_ACTIVE_COMPILATION_CONDITIONS = DEBUG;
				SWIFT_OPTIMIZATION_LEVEL = "-Onone";
			};
			name = Debug;
		};
		955079502089B6F9009FBC99 /* Release */ = {
			isa = XCBuildConfiguration;
			buildSettings = {
				ALWAYS_SEARCH_USER_PATHS = NO;
				CLANG_ANALYZER_NONNULL = YES;
				CLANG_ANALYZER_NUMBER_OBJECT_CONVERSION = YES_AGGRESSIVE;
				CLANG_CXX_LANGUAGE_STANDARD = "gnu++14";
				CLANG_CXX_LIBRARY = "libc++";
				CLANG_ENABLE_MODULES = YES;
				CLANG_ENABLE_OBJC_ARC = YES;
				CLANG_WARN_BLOCK_CAPTURE_AUTORELEASING = YES;
				CLANG_WARN_BOOL_CONVERSION = YES;
				CLANG_WARN_COMMA = YES;
				CLANG_WARN_CONSTANT_CONVERSION = YES;
				CLANG_WARN_DIRECT_OBJC_ISA_USAGE = YES_ERROR;
				CLANG_WARN_DOCUMENTATION_COMMENTS = YES;
				CLANG_WARN_EMPTY_BODY = YES;
				CLANG_WARN_ENUM_CONVERSION = YES;
				CLANG_WARN_INFINITE_RECURSION = YES;
				CLANG_WARN_INT_CONVERSION = YES;
				CLANG_WARN_NON_LITERAL_NULL_CONVERSION = YES;
				CLANG_WARN_OBJC_LITERAL_CONVERSION = YES;
				CLANG_WARN_OBJC_ROOT_CLASS = YES_ERROR;
				CLANG_WARN_RANGE_LOOP_ANALYSIS = YES;
				CLANG_WARN_STRICT_PROTOTYPES = YES;
				CLANG_WARN_SUSPICIOUS_MOVE = YES;
				CLANG_WARN_UNGUARDED_AVAILABILITY = YES_AGGRESSIVE;
				CLANG_WARN_UNREACHABLE_CODE = YES;
				CLANG_WARN__DUPLICATE_METHOD_MATCH = YES;
				CODE_SIGN_IDENTITY = "iPhone Developer";
				COPY_PHASE_STRIP = NO;
				DEBUG_INFORMATION_FORMAT = "dwarf-with-dsym";
				ENABLE_NS_ASSERTIONS = NO;
				ENABLE_STRICT_OBJC_MSGSEND = YES;
				GCC_C_LANGUAGE_STANDARD = gnu11;
				GCC_NO_COMMON_BLOCKS = YES;
				GCC_WARN_64_TO_32_BIT_CONVERSION = YES;
				GCC_WARN_ABOUT_RETURN_TYPE = YES_ERROR;
				GCC_WARN_UNDECLARED_SELECTOR = YES;
				GCC_WARN_UNINITIALIZED_AUTOS = YES_AGGRESSIVE;
				GCC_WARN_UNUSED_FUNCTION = YES;
				GCC_WARN_UNUSED_VARIABLE = YES;
				IPHONEOS_DEPLOYMENT_TARGET = 11.2;
				MTL_ENABLE_DEBUG_INFO = NO;
				SDKROOT = iphoneos;
				SWIFT_OPTIMIZATION_LEVEL = "-Owholemodule";
				VALIDATE_PRODUCT = YES;
			};
			name = Release;
		};
		955079522089B6F9009FBC99 /* Debug */ = {
			isa = XCBuildConfiguration;
			buildSettings = {
				ASSETCATALOG_COMPILER_APPICON_NAME = AppIcon;
				CODE_SIGN_STYLE = Automatic;
				DEVELOPMENT_TEAM = 42QLY4A7LX;
				INFOPLIST_FILE = timer/Info.plist;
				LD_RUNPATH_SEARCH_PATHS = "$(inherited) @executable_path/Frameworks";
				PRODUCT_BUNDLE_IDENTIFIER = test.timer;
				PRODUCT_NAME = "$(TARGET_NAME)";
				SWIFT_VERSION = 4.0;
				TARGETED_DEVICE_FAMILY = "1,2";
			};
			name = Debug;
		};
		955079532089B6F9009FBC99 /* Release */ = {
			isa = XCBuildConfiguration;
			buildSettings = {
				ASSETCATALOG_COMPILER_APPICON_NAME = AppIcon;
				CODE_SIGN_STYLE = Automatic;
				DEVELOPMENT_TEAM = 42QLY4A7LX;
				INFOPLIST_FILE = timer/Info.plist;
				LD_RUNPATH_SEARCH_PATHS = "$(inherited) @executable_path/Frameworks";
				PRODUCT_BUNDLE_IDENTIFIER = test.timer;
				PRODUCT_NAME = "$(TARGET_NAME)";
				SWIFT_VERSION = 4.0;
				TARGETED_DEVICE_FAMILY = "1,2";
			};
			name = Release;
		};
		955079552089B6F9009FBC99 /* Debug */ = {
			isa = XCBuildConfiguration;
			buildSettings = {
				ALWAYS_EMBED_SWIFT_STANDARD_LIBRARIES = YES;
				BUNDLE_LOADER = "$(TEST_HOST)";
				CODE_SIGN_STYLE = Automatic;
				DEVELOPMENT_TEAM = 42QLY4A7LX;
				INFOPLIST_FILE = timerTests/Info.plist;
				LD_RUNPATH_SEARCH_PATHS = "$(inherited) @executable_path/Frameworks @loader_path/Frameworks";
				PRODUCT_BUNDLE_IDENTIFIER = test.timerTests;
				PRODUCT_NAME = "$(TARGET_NAME)";
				SWIFT_VERSION = 4.0;
				TARGETED_DEVICE_FAMILY = "1,2";
				TEST_HOST = "$(BUILT_PRODUCTS_DIR)/timer.app/timer";
			};
			name = Debug;
		};
		955079562089B6F9009FBC99 /* Release */ = {
			isa = XCBuildConfiguration;
			buildSettings = {
				ALWAYS_EMBED_SWIFT_STANDARD_LIBRARIES = YES;
				BUNDLE_LOADER = "$(TEST_HOST)";
				CODE_SIGN_STYLE = Automatic;
				DEVELOPMENT_TEAM = 42QLY4A7LX;
				INFOPLIST_FILE = timerTests/Info.plist;
				LD_RUNPATH_SEARCH_PATHS = "$(inherited) @executable_path/Frameworks @loader_path/Frameworks";
				PRODUCT_BUNDLE_IDENTIFIER = test.timerTests;
				PRODUCT_NAME = "$(TARGET_NAME)";
				SWIFT_VERSION = 4.0;
				TARGETED_DEVICE_FAMILY = "1,2";
				TEST_HOST = "$(BUILT_PRODUCTS_DIR)/timer.app/timer";
			};
			name = Release;
		};
		955079582089B6F9009FBC99 /* Debug */ = {
			isa = XCBuildConfiguration;
			buildSettings = {
				ALWAYS_EMBED_SWIFT_STANDARD_LIBRARIES = YES;
				CODE_SIGN_STYLE = Automatic;
				DEVELOPMENT_TEAM = 42QLY4A7LX;
				INFOPLIST_FILE = timerUITests/Info.plist;
				LD_RUNPATH_SEARCH_PATHS = "$(inherited) @executable_path/Frameworks @loader_path/Frameworks";
				PRODUCT_BUNDLE_IDENTIFIER = test.timerUITests;
				PRODUCT_NAME = "$(TARGET_NAME)";
				SWIFT_VERSION = 4.0;
				TARGETED_DEVICE_FAMILY = "1,2";
				TEST_TARGET_NAME = timer;
			};
			name = Debug;
		};
		955079592089B6F9009FBC99 /* Release */ = {
			isa = XCBuildConfiguration;
			buildSettings = {
				ALWAYS_EMBED_SWIFT_STANDARD_LIBRARIES = YES;
				CODE_SIGN_STYLE = Automatic;
				DEVELOPMENT_TEAM = 42QLY4A7LX;
				INFOPLIST_FILE = timerUITests/Info.plist;
				LD_RUNPATH_SEARCH_PATHS = "$(inherited) @executable_path/Frameworks @loader_path/Frameworks";
				PRODUCT_BUNDLE_IDENTIFIER = test.timerUITests;
				PRODUCT_NAME = "$(TARGET_NAME)";
				SWIFT_VERSION = 4.0;
				TARGETED_DEVICE_FAMILY = "1,2";
				TEST_TARGET_NAME = timer;
			};
			name = Release;
		};
/* End XCBuildConfiguration section */

/* Begin XCConfigurationList section */
		955079242089B6F9009FBC99 /* Build configuration list for PBXProject "timer" */ = {
			isa = XCConfigurationList;
			buildConfigurations = (
				9550794F2089B6F9009FBC99 /* Debug */,
				955079502089B6F9009FBC99 /* Release */,
			);
			defaultConfigurationIsVisible = 0;
			defaultConfigurationName = Release;
		};
		955079512089B6F9009FBC99 /* Build configuration list for PBXNativeTarget "timer" */ = {
			isa = XCConfigurationList;
			buildConfigurations = (
				955079522089B6F9009FBC99 /* Debug */,
				955079532089B6F9009FBC99 /* Release */,
			);
			defaultConfigurationIsVisible = 0;
			defaultConfigurationName = Release;
		};
		955079542089B6F9009FBC99 /* Build configuration list for PBXNativeTarget "timerTests" */ = {
			isa = XCConfigurationList;
			buildConfigurations = (
				955079552089B6F9009FBC99 /* Debug */,
				955079562089B6F9009FBC99 /* Release */,
			);
			defaultConfigurationIsVisible = 0;
			defaultConfigurationName = Release;
		};
		955079572089B6F9009FBC99 /* Build configuration list for PBXNativeTarget "timerUITests" */ = {
			isa = XCConfigurationList;
			buildConfigurations = (
				955079582089B6F9009FBC99 /* Debug */,
				955079592089B6F9009FBC99 /* Release */,
			);
			defaultConfigurationIsVisible = 0;
			defaultConfigurationName = Release;
		};
/* End XCConfigurationList section */
	};
	rootObject = 955079212089B6F9009FBC99 /* Project object */;
}
